{
  "name": "miroox-wiki",
  "version": "0.0.0",
  "lockfileVersion": 1,
  "requires": true,
  "dependencies": {
    "tiddlywiki": {
      "version": "5.3.4",
      "resolved": "https://registry.npmjs.org/tiddlywiki/-/tiddlywiki-5.3.4.tgz",
      "integrity": "sha512-p+OpI0d0vWEhA+oEHt4yDeA92VagHtPqj6Mx2mojZryIJevjQbblA7A3XECD07Cot3RcIkuW2AGfDDS/8OfSyg=="
    }
  }
}
