{
  "name": "miroox-wiki",
  "version": "0.0.0",
  "lockfileVersion": 1,
  "requires": true,
  "dependencies": {
    "tiddlywiki": {
      "version": "5.3.3",
      "resolved": "https://registry.npmjs.org/tiddlywiki/-/tiddlywiki-5.3.3.tgz",
      "integrity": "sha512-PkgVfZNpFFHyMmfFw91igXOJn8Z7IWg3NGXOX5EBqJwzGNeYYOIUg4FqCNsWoqBece20HxtkDue/vTf2jDtdZQ=="
    }
  }
}
