{
  "name": "miroox-wiki",
  "version": "0.0.0",
  "lockfileVersion": 1,
  "requires": true,
  "dependencies": {
    "tiddlywiki": {
      "version": "5.2.5",
      "resolved": "https://registry.npmjs.org/tiddlywiki/-/tiddlywiki-5.2.5.tgz",
      "integrity": "sha512-Xfq9NHxAwg2UvCimbtZWWqZyfUpVyq1w+tfb0vMrx3wyWK3VZD1hogJTN1a5qBNyvD9d+WmpZkCw/xN5smRzLQ=="
    }
  }
}
